
Microsoft Visual Studio Solution File, Format Version 12.00
# Visual Studio Version 16
VisualStudioVersion = 16.0.29911.84
MinimumVisualStudioVersion = 10.0.40219.1
Project("{FAE04EC0-301F-11D3-BF4B-00C04F79EFBC}") = "Ejercicio 3", "Ejercicio 3.csproj", "{19E6055B-D35E-454D-B6AA-8F57C1F24D86}"
EndProject
Global
	GlobalSection(SolutionConfigurationPlatforms) = preSolution
		Debug|Any CPU = Debug|Any CPU
		Release|Any CPU = Release|Any CPU
	EndGlobalSection
	GlobalSection(ProjectConfigurationPlatforms) = postSolution
		{19E6055B-D35E-454D-B6AA-8F57C1F24D86}.Debug|Any CPU.ActiveCfg = Debug|Any CPU
		{19E6055B-D35E-454D-B6AA-8F57C1F24D86}.Debug|Any CPU.Build.0 = Debug|Any CPU
		{19E6055B-D35E-454D-B6AA-8F57C1F24D86}.Release|Any CPU.ActiveCfg = Release|Any CPU
		{19E6055B-D35E-454D-B6AA-8F57C1F24D86}.Release|Any CPU.Build.0 = Release|Any CPU
	EndGlobalSection
	GlobalSection(SolutionProperties) = preSolution
		HideSolutionNode = FALSE
	EndGlobalSection
	GlobalSection(ExtensibilityGlobals) = postSolution
		SolutionGuid = {D21E6A38-BCF6-4E8A-AA38-DCF4F02819A0}
	EndGlobalSection
EndGlobal
